
Microsoft Visual Studio Solution File, Format Version 12.00
# Visual Studio Version 16
VisualStudioVersion = 16.0.30621.155
MinimumVisualStudioVersion = 10.0.40219.1
Project("{FAE04EC0-301F-11D3-BF4B-00C04F79EFBC}") = "Web", "Web\Web.csproj", "{CFDAC2A2-34F8-4C39-9C7F-B6FD6C3EBD5C}"
EndProject
Project("{FAE04EC0-301F-11D3-BF4B-00C04F79EFBC}") = "Model", "Model\Model.csproj", "{BA2E5954-B7C5-4D24-9EC2-0BADBFB12CCC}"
EndProject
Project("{2150E333-8FDC-42A3-9474-1A3956D46DE8}") = "Solution Items", "Solution Items", "{784806B0-3559-48C8-8478-6CB500B18C0C}"
	ProjectSection(SolutionItems) = preProject
		.editorconfig = .editorconfig
	EndProjectSection
EndProject
Global
	GlobalSection(SolutionConfigurationPlatforms) = preSolution
		Debug|Any CPU = Debug|Any CPU
		Release|Any CPU = Release|Any CPU
	EndGlobalSection
	GlobalSection(ProjectConfigurationPlatforms) = postSolution
		{CFDAC2A2-34F8-4C39-9C7F-B6FD6C3EBD5C}.Debug|Any CPU.ActiveCfg = Debug|Any CPU
		{CFDAC2A2-34F8-4C39-9C7F-B6FD6C3EBD5C}.Debug|Any CPU.Build.0 = Debug|Any CPU
		{CFDAC2A2-34F8-4C39-9C7F-B6FD6C3EBD5C}.Release|Any CPU.ActiveCfg = Release|Any CPU
		{CFDAC2A2-34F8-4C39-9C7F-B6FD6C3EBD5C}.Release|Any CPU.Build.0 = Release|Any CPU
		{BA2E5954-B7C5-4D24-9EC2-0BADBFB12CCC}.Debug|Any CPU.ActiveCfg = Debug|Any CPU
		{BA2E5954-B7C5-4D24-9EC2-0BADBFB12CCC}.Debug|Any CPU.Build.0 = Debug|Any CPU
		{BA2E5954-B7C5-4D24-9EC2-0BADBFB12CCC}.Release|Any CPU.ActiveCfg = Release|Any CPU
		{BA2E5954-B7C5-4D24-9EC2-0BADBFB12CCC}.Release|Any CPU.Build.0 = Release|Any CPU
	EndGlobalSection
	GlobalSection(SolutionProperties) = preSolution
		HideSolutionNode = FALSE
	EndGlobalSection
	GlobalSection(ExtensibilityGlobals) = postSolution
		SolutionGuid = {0B1E3D5A-505E-4180-8A06-3D9BDA01C802}
	EndGlobalSection
EndGlobal
